Microsoft Visual Studio Solution File, Format Version 11.00
# Visual Studio 2008

Project("{2E4D874E-6E82-8991-4B53-0F615713DE28}") = "2dFinal", "Assembly-CSharp-vs.csproj", "{2BAF100F-78B5-E730-3BAD-2A3EA56ACFDD}"
EndProject
Global
	GlobalSection(SolutionConfigurationPlatforms) = preSolution
		Debug|Any CPU = Debug|Any CPU
		Release|Any CPU = Release|Any CPU
	EndGlobalSection
	GlobalSection(ProjectConfigurationPlatforms) = postSolution
		{2BAF100F-78B5-E730-3BAD-2A3EA56ACFDD}.Debug|Any CPU.ActiveCfg = Debug|Any CPU
		{2BAF100F-78B5-E730-3BAD-2A3EA56ACFDD}.Debug|Any CPU.Build.0 = Debug|Any CPU
		{2BAF100F-78B5-E730-3BAD-2A3EA56ACFDD}.Release|Any CPU.ActiveCfg = Release|Any CPU
		{2BAF100F-78B5-E730-3BAD-2A3EA56ACFDD}.Release|Any CPU.Build.0 = Release|Any CPU
	EndGlobalSection
	GlobalSection(SolutionProperties) = preSolution
		HideSolutionNode = FALSE
	EndGlobalSection
																GlobalSection(MonoDevelopProperties) = preSolution
		StartupItem = Assembly-CSharp.csproj
		Policies = $0
		$0.TextStylePolicy = $1
		$1.inheritsSet = null
		$1.scope = text/x-csharp
		$0.CSharpFormattingPolicy = $2
		$2.inheritsSet = Mono
		$2.inheritsScope = text/x-csharp
		$2.scope = text/x-csharp
		$0.TextStylePolicy = $3
		$3.FileWidth = 120
		$3.TabWidth = 4
		$3.EolMarker = Unix
		$3.inheritsSet = Mono
		$3.inheritsScope = text/plain
		$3.scope = text/plain
	EndGlobalSection

EndGlobal
